# This file is generated by running "yarn install" inside your project.
# Manual changes might be lost - proceed with caution!

__metadata:
  version: 6
  cacheKey: 8

"@apollo/protobufjs@npm:1.2.2":
  version: 1.2.2
  resolution: "@apollo/protobufjs@npm:1.2.2"
  dependencies:
    "@protobufjs/aspromise": ^1.1.2
    "@protobufjs/base64": ^1.1.2
    "@protobufjs/codegen": ^2.0.4
    "@protobufjs/eventemitter": ^1.1.0
    "@protobufjs/fetch": ^1.1.0
    "@protobufjs/float": ^1.0.2
    "@protobufjs/inquire": ^1.1.0
    "@protobufjs/path": ^1.1.2
    "@protobufjs/pool": ^1.1.0
    "@protobufjs/utf8": ^1.1.0
    "@types/long": ^4.0.0
    "@types/node": ^10.1.0
    long: ^4.0.0
  bin:
    apollo-pbjs: bin/pbjs
    apollo-pbts: bin/pbts
  checksum: 3f3ec1f428cbcc53760daa6f1076c9043a5aa270b2c9a2ca9f97610eabd3ee1aea08dd36fac658bab83eb6607bc62340bbc6c13ba6bba3c6776df71d68b55929
  languageName: node
  linkType: hard

"@apollo/utils.logger@npm:^1.0.0":
  version: 1.0.0
  resolution: "@apollo/utils.logger@npm:1.0.0"
  checksum: 9be2b269d6d1cf2235c7b49a5edbb36c87589facf79516521df66d0c782709b7301a1365693b6e15d77f482d231bbb0fea4c2ae42faac7068cc4e014ce338c68
  languageName: node
  linkType: hard

"@apollographql/apollo-tools@npm:^0.5.3":
  version: 0.5.4
  resolution: "@apollographql/apollo-tools@npm:0.5.4"
  peerDependencies:
    graphql: ^14.2.1 || ^15.0.0 || ^16.0.0
  checksum: 673eaaf371504939b58c2717334e237639d3c277ec9b1b9cc7a53a1ad24ded456a6e49bbf2ecf26a64f4b92b04c12cd48f6e22066c6041ae30f2ba4720fb01b6
  languageName: node
  linkType: hard

"@apollographql/graphql-playground-html@npm:1.6.29":
  version: 1.6.29
  resolution: "@apollographql/graphql-playground-html@npm:1.6.29"
  dependencies:
    xss: ^1.0.8
  checksum: 32984ae225de572f3fe286409553884e4d252a35019abfd5bd6ef40f52173ba810fd0a4d23915e727425cd993fd178115e6a2557315789085e235114228dfe4a
  languageName: node
  linkType: hard

"@cspotcode/source-map-consumer@npm:0.8.0":
  version: 0.8.0
  resolution: "@cspotcode/source-map-consumer@npm:0.8.0"
  checksum: c0c16ca3d2f58898f1bd74c4f41a189dbcc202e642e60e489cbcc2e52419c4e89bdead02c886a12fb13ea37798ede9e562b2321df997ebc210ae9bd881561b4e
  languageName: node
  linkType: hard

"@cspotcode/source-map-support@npm:0.7.0":
  version: 0.7.0
  resolution: "@cspotcode/source-map-support@npm:0.7.0"
  dependencies:
    "@cspotcode/source-map-consumer": 0.8.0
  checksum: 9faddda7757cd778b5fd6812137b2cc265810043680d6399acc20441668fafcdc874053be9dccd0d9110087287bfad27eb3bf342f72bceca9aa9059f5d0c4be8
  languageName: node
  linkType: hard

"@graphql-tools/merge@npm:8.2.11":
  version: 8.2.11
  resolution: "@graphql-tools/merge@npm:8.2.11"
  dependencies:
    "@graphql-tools/utils": 8.6.10
    tslib: ~2.4.0
  peerDependencies:
    graphql: ^14.0.0 || ^15.0.0 || ^16.0.0
  checksum: cfc77d6d8bb426a1deb0b7763d58d183827a7f1727d0778c829f0824f2b36192543ef7190a5a5620f9e6e8f5627082688ac243884fcb6c570f664a4016435a16
  languageName: node
  linkType: hard

"@graphql-tools/mock@npm:^8.1.2":
  version: 8.6.9
  resolution: "@graphql-tools/mock@npm:8.6.9"
  dependencies:
    "@graphql-tools/schema": 8.3.11
    "@graphql-tools/utils": 8.6.10
    fast-json-stable-stringify: ^2.1.0
    tslib: ~2.4.0
  peerDependencies:
    graphql: ^14.0.0 || ^15.0.0 || ^16.0.0
  checksum: d7312aaa81a3d56504b5880f6a1448e8f4eef833e9b49d73847d88133e6271668cbc1961950c022121cbbb35792d0d1071026e92b7d55adbbf2629ac9badd976
  languageName: node
  linkType: hard

"@graphql-tools/schema@npm:8.3.11, @graphql-tools/schema@npm:^8.0.0":
  version: 8.3.11
  resolution: "@graphql-tools/schema@npm:8.3.11"
  dependencies:
    "@graphql-tools/merge": 8.2.11
    "@graphql-tools/utils": 8.6.10
    tslib: ~2.4.0
    value-or-promise: 1.0.11
  peerDependencies:
    graphql: ^14.0.0 || ^15.0.0 || ^16.0.0
  checksum: b57e673bacdc25d93bae2bc4378709daeeae9738f51d96194ebe88eabb993dd1c14d85ca3828fcddf8a3937fdddfdcb8f41ff6eced504ebb306350aba2668bed
  languageName: node
  linkType: hard

"@graphql-tools/utils@npm:8.6.10":
  version: 8.6.10
  resolution: "@graphql-tools/utils@npm:8.6.10"
  dependencies:
    tslib: ~2.4.0
  peerDependencies:
    graphql: ^14.0.0 || ^15.0.0 || ^16.0.0
  checksum: fd020ef2efe98436e86335af37b9d703b2ca937179ce5d4988853c233824bd69ae01b3e2414586edd132501c042c0c582f63f6e3853ad91a59194483c248f416
  languageName: node
  linkType: hard

"@josephg/resolvable@npm:^1.0.0":
  version: 1.0.1
  resolution: "@josephg/resolvable@npm:1.0.1"
  checksum: 64eb763b5138bdae4fb59c0c0e89ed261b690917ae6bd777b533257668f151b8868698fb73dfd7665746ad07c7c917fe89ccfdf2404048d39f373f57f1a14e34
  languageName: node
  linkType: hard

"@prisma/client@npm:^3.13.0":
  version: 3.14.0
  resolution: "@prisma/client@npm:3.14.0"
  dependencies:
    "@prisma/engines-version": 3.14.0-36.2b0c12756921c891fec4f68d9444e18c7d5d4a6a
  peerDependencies:
    prisma: "*"
  peerDependenciesMeta:
    prisma:
      optional: true
  checksum: 65ecb4e3c66cce717238b145791c8659c01d170ea6dda63230e5c5491d32a04b950d9fde427042e2e3a358724542052b8a1d16afefc14720451b4eb447789ba7
  languageName: node
  linkType: hard

"@prisma/engines-version@npm:3.14.0-36.2b0c12756921c891fec4f68d9444e18c7d5d4a6a":
  version: 3.14.0-36.2b0c12756921c891fec4f68d9444e18c7d5d4a6a
  resolution: "@prisma/engines-version@npm:3.14.0-36.2b0c12756921c891fec4f68d9444e18c7d5d4a6a"
  checksum: 89721b5a865514a70ddee40f2e0c6996a6157b7603602f5bcc7e37771824d8b69a85b9040e6ce85e9619cf77d7c2e1d603349319a2620e0b2e34273f063277e8
  languageName: node
  linkType: hard

"@prisma/engines@npm:3.14.0-36.2b0c12756921c891fec4f68d9444e18c7d5d4a6a":
  version: 3.14.0-36.2b0c12756921c891fec4f68d9444e18c7d5d4a6a
  resolution: "@prisma/engines@npm:3.14.0-36.2b0c12756921c891fec4f68d9444e18c7d5d4a6a"
  checksum: f5b1e09fc1e4fcc5a5f15f9e97b87b328067174310cf92d6d9779969510e8d9176e2aed69a3344d2a635f1c2c6b3484d174ce01cfbef4dae8fd49531a9bf9c0e
  languageName: node
  linkType: hard

"@protobufjs/aspromise@npm:^1.1.1, @protobufjs/aspromise@npm:^1.1.2":
  version: 1.1.2
  resolution: "@protobufjs/aspromise@npm:1.1.2"
  checksum: 011fe7ef0826b0fd1a95935a033a3c0fd08483903e1aa8f8b4e0704e3233406abb9ee25350ec0c20bbecb2aad8da0dcea58b392bbd77d6690736f02c143865d2
  languageName: node
  linkType: hard

"@protobufjs/base64@npm:^1.1.2":
  version: 1.1.2
  resolution: "@protobufjs/base64@npm:1.1.2"
  checksum: 67173ac34de1e242c55da52c2f5bdc65505d82453893f9b51dc74af9fe4c065cf4a657a4538e91b0d4a1a1e0a0642215e31894c31650ff6e3831471061e1ee9e
  languageName: node
  linkType: hard

"@protobufjs/codegen@npm:^2.0.4":
  version: 2.0.4
  resolution: "@protobufjs/codegen@npm:2.0.4"
  checksum: 59240c850b1d3d0b56d8f8098dd04787dcaec5c5bd8de186fa548de86b86076e1c50e80144b90335e705a044edf5bc8b0998548474c2a10a98c7e004a1547e4b
  languageName: node
  linkType: hard

"@protobufjs/eventemitter@npm:^1.1.0":
  version: 1.1.0
  resolution: "@protobufjs/eventemitter@npm:1.1.0"
  checksum: 0369163a3d226851682f855f81413cbf166cd98f131edb94a0f67f79e75342d86e89df9d7a1df08ac28be2bc77e0a7f0200526bb6c2a407abbfee1f0262d5fd7
  languageName: node
  linkType: hard

"@protobufjs/fetch@npm:^1.1.0":
  version: 1.1.0
  resolution: "@protobufjs/fetch@npm:1.1.0"
  dependencies:
    "@protobufjs/aspromise": ^1.1.1
    "@protobufjs/inquire": ^1.1.0
  checksum: 3fce7e09eb3f1171dd55a192066450f65324fd5f7cc01a431df01bb00d0a895e6bfb5b0c5561ce157ee1d886349c90703d10a4e11a1a256418ff591b969b3477
  languageName: node
  linkType: hard

"@protobufjs/float@npm:^1.0.2":
  version: 1.0.2
  resolution: "@protobufjs/float@npm:1.0.2"
  checksum: 5781e1241270b8bd1591d324ca9e3a3128d2f768077a446187a049e36505e91bc4156ed5ac3159c3ce3d2ba3743dbc757b051b2d723eea9cd367bfd54ab29b2f
  languageName: node
  linkType: hard

"@protobufjs/inquire@npm:^1.1.0":
  version: 1.1.0
  resolution: "@protobufjs/inquire@npm:1.1.0"
  checksum: ca06f02eaf65ca36fb7498fc3492b7fc087bfcc85c702bac5b86fad34b692bdce4990e0ef444c1e2aea8c034227bd1f0484be02810d5d7e931c55445555646f4
  languageName: node
  linkType: hard

"@protobufjs/path@npm:^1.1.2":
  version: 1.1.2
  resolution: "@protobufjs/path@npm:1.1.2"
  checksum: 856eeb532b16a7aac071cacde5c5620df800db4c80cee6dbc56380524736205aae21e5ae47739114bf669ab5e8ba0e767a282ad894f3b5e124197cb9224445ee
  languageName: node
  linkType: hard

"@protobufjs/pool@npm:^1.1.0":
  version: 1.1.0
  resolution: "@protobufjs/pool@npm:1.1.0"
  checksum: d6a34fbbd24f729e2a10ee915b74e1d77d52214de626b921b2d77288bd8f2386808da2315080f2905761527cceffe7ec34c7647bd21a5ae41a25e8212ff79451
  languageName: node
  linkType: hard

"@protobufjs/utf8@npm:^1.1.0":
  version: 1.1.0
  resolution: "@protobufjs/utf8@npm:1.1.0"
  checksum: f9bf3163d13aaa3b6f5e6fbf37a116e094ea021c0e1f2a7ccd0e12a29e2ce08dafba4e8b36e13f8ed7397e1591610ce880ed1289af4d66cf4ace8a36a9557278
  languageName: node
  linkType: hard

"@tsconfig/node10@npm:^1.0.7":
  version: 1.0.8
  resolution: "@tsconfig/node10@npm:1.0.8"
  checksum: b8d5fffbc6b17ef64ef74f7fdbccee02a809a063ade785c3648dae59406bc207f70ea2c4296f92749b33019fa36a5ae716e42e49cc7f1bbf0fd147be0d6b970a
  languageName: node
  linkType: hard

"@tsconfig/node12@npm:^1.0.7":
  version: 1.0.9
  resolution: "@tsconfig/node12@npm:1.0.9"
  checksum: a01b2400ab3582b86b589c6d31dcd0c0656f333adecde85d6d7d4086adb059808b82692380bb169546d189bf771ae21d02544a75b57bd6da4a5dd95f8567bec9
  languageName: node
  linkType: hard

"@tsconfig/node14@npm:^1.0.0":
  version: 1.0.1
  resolution: "@tsconfig/node14@npm:1.0.1"
  checksum: 976345e896c0f059867f94f8d0f6ddb8b1844fb62bf36b727de8a9a68f024857e5db97ed51d3325e23e0616a5e48c034ff51a8d595b3fe7e955f3587540489be
  languageName: node
  linkType: hard

"@tsconfig/node16@npm:^1.0.2":
  version: 1.0.2
  resolution: "@tsconfig/node16@npm:1.0.2"
  checksum: ca94d3639714672bbfd55f03521d3f56bb6a25479bd425da81faf21f13e1e9d15f40f97377dedbbf477a5841c5b0c8f4cd1b391f33553d750b9202c54c2c07aa
  languageName: node
  linkType: hard

"@types/accepts@npm:^1.3.5":
  version: 1.3.5
  resolution: "@types/accepts@npm:1.3.5"
  dependencies:
    "@types/node": "*"
  checksum: 590b7580570534a640510c071e09074cf63b5958b237a728f94322567350aea4d239f8a9d897a12b15c856b992ee4d7907e9812bb079886af2c00714e7fb3f60
  languageName: node
  linkType: hard

"@types/body-parser@npm:*, @types/body-parser@npm:1.19.2":
  version: 1.19.2
  resolution: "@types/body-parser@npm:1.19.2"
  dependencies:
    "@types/connect": "*"
    "@types/node": "*"
  checksum: e17840c7d747a549f00aebe72c89313d09fbc4b632b949b2470c5cb3b1cb73863901ae84d9335b567a79ec5efcfb8a28ff8e3f36bc8748a9686756b6d5681f40
  languageName: node
  linkType: hard

"@types/connect@npm:*":
  version: 3.4.35
  resolution: "@types/connect@npm:3.4.35"
  dependencies:
    "@types/node": "*"
  checksum: fe81351470f2d3165e8b12ce33542eef89ea893e36dd62e8f7d72566dfb7e448376ae962f9f3ea888547ce8b55a40020ca0e01d637fab5d99567673084542641
  languageName: node
  linkType: hard

"@types/cors@npm:2.8.12":
  version: 2.8.12
  resolution: "@types/cors@npm:2.8.12"
  checksum: 8c45f112c7d1d2d831b4b266f2e6ed33a1887a35dcbfe2a18b28370751fababb7cd045e745ef84a523c33a25932678097bf79afaa367c6cb3fa0daa7a6438257
  languageName: node
  linkType: hard

"@types/express-serve-static-core@npm:4.17.28, @types/express-serve-static-core@npm:^4.17.18":
  version: 4.17.28
  resolution: "@types/express-serve-static-core@npm:4.17.28"
  dependencies:
    "@types/node": "*"
    "@types/qs": "*"
    "@types/range-parser": "*"
  checksum: 826489811a5b371c10f02443b4ca894ffc05813bfdf2b60c224f5c18ac9a30a2e518cb9ef9fdfcaa2a1bb17f8bfa4ed1859ccdb252e879c9276271b4ee2df5a9
  languageName: node
  linkType: hard

"@types/express@npm:4.17.13":
  version: 4.17.13
  resolution: "@types/express@npm:4.17.13"
  dependencies:
    "@types/body-parser": "*"
    "@types/express-serve-static-core": ^4.17.18
    "@types/qs": "*"
    "@types/serve-static": "*"
  checksum: 12a2a0e6c4b993fc0854bec665906788aea0d8ee4392389d7a98a5de1eefdd33c9e1e40a91f3afd274011119c506f7b4126acb97fae62ae20b654974d44cba12
  languageName: node
  linkType: hard

"@types/long@npm:^4.0.0":
  version: 4.0.2
  resolution: "@types/long@npm:4.0.2"
  checksum: d16cde7240d834cf44ba1eaec49e78ae3180e724cd667052b194a372f350d024cba8dd3f37b0864931683dab09ca935d52f0c4c1687178af5ada9fc85b0635f4
  languageName: node
  linkType: hard

"@types/mime@npm:^1":
  version: 1.3.2
  resolution: "@types/mime@npm:1.3.2"
  checksum: 0493368244cced1a69cb791b485a260a422e6fcc857782e1178d1e6f219f1b161793e9f87f5fae1b219af0f50bee24fcbe733a18b4be8fdd07a38a8fb91146fd
  languageName: node
  linkType: hard

"@types/node@npm:*":
  version: 17.0.32
  resolution: "@types/node@npm:17.0.32"
  checksum: afb05704b42032566b3da8b2d80a68883cd3b888472d1b8b4dd6c84f8fad371454f083d4e28bd30c10589187296119d92aba255638b30067afe062b5922388a5
  languageName: node
  linkType: hard

"@types/node@npm:^10.1.0":
  version: 10.17.60
  resolution: "@types/node@npm:10.17.60"
  checksum: 2cdb3a77d071ba8513e5e8306fa64bf50e3c3302390feeaeff1fd325dd25c8441369715dfc8e3701011a72fed5958c7dfa94eb9239a81b3c286caa4d97db6eef
  languageName: node
  linkType: hard

"@types/node@npm:^17.0.31":
  version: 17.0.31
  resolution: "@types/node@npm:17.0.31"
  checksum: 704618350f8420d5c47db0f7778398e821b7724369946f5c441a7e6b9343295553936400eb8309f0b07d5e39c240988ab3456b983712ca86265dabc9aee4ad3d
  languageName: node
  linkType: hard

"@types/qs@npm:*":
  version: 6.9.7
  resolution: "@types/qs@npm:6.9.7"
  checksum: 7fd6f9c25053e9b5bb6bc9f9f76c1d89e6c04f7707a7ba0e44cc01f17ef5284adb82f230f542c2d5557d69407c9a40f0f3515e8319afd14e1e16b5543ac6cdba
  languageName: node
  linkType: hard

"@types/range-parser@npm:*":
  version: 1.2.4
  resolution: "@types/range-parser@npm:1.2.4"
  checksum: b7c0dfd5080a989d6c8bb0b6750fc0933d9acabeb476da6fe71d8bdf1ab65e37c136169d84148034802f48378ab94e3c37bb4ef7656b2bec2cb9c0f8d4146a95
  languageName: node
  linkType: hard

"@types/serve-static@npm:*":
  version: 1.13.10
  resolution: "@types/serve-static@npm:1.13.10"
  dependencies:
    "@types/mime": ^1
    "@types/node": "*"
  checksum: eaca858739483e3ded254cad7d7a679dc2c8b3f52c8bb0cd845b3b7eb1984bde0371fdcb0a5c83aa12e6daf61b6beb762545021f520f08a1fe882a3fa4ea5554
  languageName: node
  linkType: hard

"accepts@npm:^1.3.5, accepts@npm:~1.3.8":
  version: 1.3.8
  resolution: "accepts@npm:1.3.8"
  dependencies:
    mime-types: ~2.1.34
    negotiator: 0.6.3
  checksum: 50c43d32e7b50285ebe84b613ee4a3aa426715a7d131b65b786e2ead0fd76b6b60091b9916d3478a75f11f162628a2139991b6c03ab3f1d9ab7c86075dc8eab4
  languageName: node
  linkType: hard

"acorn-walk@npm:^8.1.1":
  version: 8.2.0
  resolution: "acorn-walk@npm:8.2.0"
  checksum: 1715e76c01dd7b2d4ca472f9c58968516a4899378a63ad5b6c2d668bba8da21a71976c14ec5f5b75f887b6317c4ae0b897ab141c831d741dc76024d8745f1ad1
  languageName: node
  linkType: hard

"acorn@npm:^8.4.1":
  version: 8.7.1
  resolution: "acorn@npm:8.7.1"
  bin:
    acorn: bin/acorn
  checksum: aca0aabf98826717920ac2583fdcad0a6fbe4e583fdb6e843af2594e907455aeafe30b1e14f1757cd83ce1776773cf8296ffc3a4acf13f0bd3dfebcf1db6ae80
  languageName: node
  linkType: hard

"apollo-datasource@npm:^3.3.1":
  version: 3.3.1
  resolution: "apollo-datasource@npm:3.3.1"
  dependencies:
    apollo-server-caching: ^3.3.0
    apollo-server-env: ^4.2.1
  checksum: 5085c731afc45ea19198bad1fb59bfce779f5288802037e7681210b408bd3bc531dbe832236a91c72e084bc3ee5a8742440656a90e46b3f3939295159a2f62e2
  languageName: node
  linkType: hard

"apollo-reporting-protobuf@npm:^3.3.1":
  version: 3.3.1
  resolution: "apollo-reporting-protobuf@npm:3.3.1"
  dependencies:
    "@apollo/protobufjs": 1.2.2
  checksum: 1933affb1640d5905e29f8a41becdba1981effd767660748517ea1d4ef30db4c6789b17eba02f11dafd29b46b56d95cd15cbc3eb319d0a90affbdd0f2d168473
  languageName: node
  linkType: hard

"apollo-server-caching@npm:^3.3.0":
  version: 3.3.0
  resolution: "apollo-server-caching@npm:3.3.0"
  dependencies:
    lru-cache: ^6.0.0
  checksum: a5b43025ffb00cb3899fa0584512538747e8afe595ff8a0235caf8469435a03c1edc23fa56893fc77910f032563106872faa7e86a58acf1aed16bf77e9723327
  languageName: node
  linkType: hard

"apollo-server-core@npm:^3.7.0":
  version: 3.7.0
  resolution: "apollo-server-core@npm:3.7.0"
  dependencies:
    "@apollo/utils.logger": ^1.0.0
    "@apollographql/apollo-tools": ^0.5.3
    "@apollographql/graphql-playground-html": 1.6.29
    "@graphql-tools/mock": ^8.1.2
    "@graphql-tools/schema": ^8.0.0
    "@josephg/resolvable": ^1.0.0
    apollo-datasource: ^3.3.1
    apollo-reporting-protobuf: ^3.3.1
    apollo-server-caching: ^3.3.0
    apollo-server-env: ^4.2.1
    apollo-server-errors: ^3.3.1
    apollo-server-plugin-base: ^3.5.3
    apollo-server-types: ^3.5.3
    async-retry: ^1.2.1
    fast-json-stable-stringify: ^2.1.0
    graphql-tag: ^2.11.0
    lodash.sortby: ^4.7.0
    loglevel: ^1.6.8
    lru-cache: ^6.0.0
    sha.js: ^2.4.11
    uuid: ^8.0.0
    whatwg-mimetype: ^3.0.0
  peerDependencies:
    graphql: ^15.3.0 || ^16.0.0
  checksum: 94eb354a60a46dfb5afb080ffa92ff32bfa7925191354e08d4724b651c3c8f24db95a75ced784dcdd3169b8655bec35ae32283b196d1c35a2ad85adb3cf74ca9
  languageName: node
  linkType: hard

"apollo-server-env@npm:^4.2.1":
  version: 4.2.1
  resolution: "apollo-server-env@npm:4.2.1"
  dependencies:
    node-fetch: ^2.6.7
  checksum: 039c7eeed82aff072237f9943629ab24b7c62b97535d756a31178f9e7352187951ee654a377d49d775d2ac221fe024914d9989257ca8a7e65c8e5f438c044f18
  languageName: node
  linkType: hard

"apollo-server-errors@npm:^3.3.1":
  version: 3.3.1
  resolution: "apollo-server-errors@npm:3.3.1"
  peerDependencies:
    graphql: ^15.3.0 || ^16.0.0
  checksum: d09b66e7ac3e2cbc60774280d30118ac4d98f945b5cc1013bb81b9970aae49c0717a550e161fe978d69d7039ec053aeba495890f6eebf452532a2c5e94071a80
  languageName: node
  linkType: hard

"apollo-server-express@npm:^3.7.0":
  version: 3.7.0
  resolution: "apollo-server-express@npm:3.7.0"
  dependencies:
    "@types/accepts": ^1.3.5
    "@types/body-parser": 1.19.2
    "@types/cors": 2.8.12
    "@types/express": 4.17.13
    "@types/express-serve-static-core": 4.17.28
    accepts: ^1.3.5
    apollo-server-core: ^3.7.0
    apollo-server-types: ^3.5.3
    body-parser: ^1.19.0
    cors: ^2.8.5
    parseurl: ^1.3.3
  peerDependencies:
    express: ^4.17.1
    graphql: ^15.3.0 || ^16.0.0
  checksum: 0e34647726d36faba4464efc9b2b31670229b092ca7dcdeaf10e9d965231ae7c5b979047ab447defa6f223c4cb45c9b1ff8ac1b3545e5a880dcb450aee2d71b2
  languageName: node
  linkType: hard

"apollo-server-plugin-base@npm:^3.5.3":
  version: 3.5.3
  resolution: "apollo-server-plugin-base@npm:3.5.3"
  dependencies:
    apollo-server-types: ^3.5.3
  peerDependencies:
    graphql: ^15.3.0 || ^16.0.0
  checksum: c914d21295fb0bd42f7f9df69ebdd5935b531d867ad905cd71abe22f82a46808493311dcc803294cb0418c4c3be5c28670320cf70ff806f5c0c6ca3de0810e8d
  languageName: node
  linkType: hard

"apollo-server-types@npm:^3.5.3":
  version: 3.5.3
  resolution: "apollo-server-types@npm:3.5.3"
  dependencies:
    apollo-reporting-protobuf: ^3.3.1
    apollo-server-caching: ^3.3.0
    apollo-server-env: ^4.2.1
  peerDependencies:
    graphql: ^15.3.0 || ^16.0.0
  checksum: 5b8ec05b2a80f7acddb5de4d558ef4927425edb171b49293cd61300b72dafbe335d1d10225c52188b135609d51b8f623fe5362817550ce0a6f470515dfeff564
  languageName: node
  linkType: hard

"arg@npm:^4.1.0":
  version: 4.1.3
  resolution: "arg@npm:4.1.3"
  checksum: 544af8dd3f60546d3e4aff084d451b96961d2267d668670199692f8d054f0415d86fc5497d0e641e91546f0aa920e7c29e5250e99fc89f5552a34b5d93b77f43
  languageName: node
  linkType: hard

"array-flatten@npm:1.1.1":
  version: 1.1.1
  resolution: "array-flatten@npm:1.1.1"
  checksum: a9925bf3512d9dce202112965de90c222cd59a4fbfce68a0951d25d965cf44642931f40aac72309c41f12df19afa010ecadceb07cfff9ccc1621e99d89ab5f3b
  languageName: node
  linkType: hard

"async-retry@npm:^1.2.1":
  version: 1.3.3
  resolution: "async-retry@npm:1.3.3"
  dependencies:
    retry: 0.13.1
  checksum: 38a7152ff7265a9321ea214b9c69e8224ab1febbdec98efbbde6e562f17ff68405569b796b1c5271f354aef8783665d29953f051f68c1fc45306e61aec82fdc4
  languageName: node
  linkType: hard

"body-parser@npm:1.20.0, body-parser@npm:^1.19.0":
  version: 1.20.0
  resolution: "body-parser@npm:1.20.0"
  dependencies:
    bytes: 3.1.2
    content-type: ~1.0.4
    debug: 2.6.9
    depd: 2.0.0
    destroy: 1.2.0
    http-errors: 2.0.0
    iconv-lite: 0.4.24
    on-finished: 2.4.1
    qs: 6.10.3
    raw-body: 2.5.1
    type-is: ~1.6.18
    unpipe: 1.0.0
  checksum: 12fffdeac82fe20dddcab7074215d5156e7d02a69ae90cbe9fee1ca3efa2f28ef52097cbea76685ee0a1509c71d85abd0056a08e612c09077cad6277a644cf88
  languageName: node
  linkType: hard

"bytes@npm:3.1.2":
  version: 3.1.2
  resolution: "bytes@npm:3.1.2"
  checksum: e4bcd3948d289c5127591fbedf10c0b639ccbf00243504e4e127374a15c3bc8eed0d28d4aaab08ff6f1cf2abc0cce6ba3085ed32f4f90e82a5683ce0014e1b6e
  languageName: node
  linkType: hard

"call-bind@npm:^1.0.0":
  version: 1.0.2
  resolution: "call-bind@npm:1.0.2"
  dependencies:
    function-bind: ^1.1.1
    get-intrinsic: ^1.0.2
  checksum: f8e31de9d19988a4b80f3e704788c4a2d6b6f3d17cfec4f57dc29ced450c53a49270dc66bf0fbd693329ee948dd33e6c90a329519aef17474a4d961e8d6426b0
  languageName: node
  linkType: hard

"commander@npm:^2.20.3":
  version: 2.20.3
  resolution: "commander@npm:2.20.3"
  checksum: ab8c07884e42c3a8dbc5dd9592c606176c7eb5c1ca5ff274bcf907039b2c41de3626f684ea75ccf4d361ba004bbaff1f577d5384c155f3871e456bdf27becf9e
  languageName: node
  linkType: hard

"content-disposition@npm:0.5.4":
  version: 0.5.4
  resolution: "content-disposition@npm:0.5.4"
  dependencies:
    safe-buffer: 5.2.1
  checksum: afb9d545e296a5171d7574fcad634b2fdf698875f4006a9dd04a3e1333880c5c0c98d47b560d01216fb6505a54a2ba6a843ee3a02ec86d7e911e8315255f56c3
  languageName: node
  linkType: hard

"content-type@npm:~1.0.4":
  version: 1.0.4
  resolution: "content-type@npm:1.0.4"
  checksum: 3d93585fda985d1554eca5ebd251994327608d2e200978fdbfba21c0c679914d5faf266d17027de44b34a72c7b0745b18584ecccaa7e1fdfb6a68ac7114f12e0
  languageName: node
  linkType: hard

"cookie-signature@npm:1.0.6":
  version: 1.0.6
  resolution: "cookie-signature@npm:1.0.6"
  checksum: f4e1b0a98a27a0e6e66fd7ea4e4e9d8e038f624058371bf4499cfcd8f3980be9a121486995202ba3fca74fbed93a407d6d54d43a43f96fd28d0bd7a06761591a
  languageName: node
  linkType: hard

"cookie@npm:0.5.0":
  version: 0.5.0
  resolution: "cookie@npm:0.5.0"
  checksum: 1f4bd2ca5765f8c9689a7e8954183f5332139eb72b6ff783d8947032ec1fdf43109852c178e21a953a30c0dd42257828185be01b49d1eb1a67fd054ca588a180
  languageName: node
  linkType: hard

"cors@npm:^2.8.5":
  version: 2.8.5
  resolution: "cors@npm:2.8.5"
  dependencies:
    object-assign: ^4
    vary: ^1
  checksum: ced838404ccd184f61ab4fdc5847035b681c90db7ac17e428f3d81d69e2989d2b680cc254da0e2554f5ed4f8a341820a1ce3d1c16b499f6e2f47a1b9b07b5006
  languageName: node
  linkType: hard

"create-require@npm:^1.1.0":
  version: 1.1.1
  resolution: "create-require@npm:1.1.1"
  checksum: a9a1503d4390d8b59ad86f4607de7870b39cad43d929813599a23714831e81c520bddf61bcdd1f8e30f05fd3a2b71ae8538e946eb2786dc65c2bbc520f692eff
  languageName: node
  linkType: hard

"cssfilter@npm:0.0.10":
  version: 0.0.10
  resolution: "cssfilter@npm:0.0.10"
  checksum: bc2c52bbb3426c3f2e4832edb6f8573e6cfa65b40b540932762d1e018f0f0157725e2991b77344bbc8266c6bbf4daa2803b0707cfb1bd0877505bf83a68e4b04
  languageName: node
  linkType: hard

"debug@npm:2.6.9":
  version: 2.6.9
  resolution: "debug@npm:2.6.9"
  dependencies:
    ms: 2.0.0
  checksum: d2f51589ca66df60bf36e1fa6e4386b318c3f1e06772280eea5b1ae9fd3d05e9c2b7fd8a7d862457d00853c75b00451aa2d7459b924629ee385287a650f58fe6
  languageName: node
  linkType: hard

"depd@npm:2.0.0":
  version: 2.0.0
  resolution: "depd@npm:2.0.0"
  checksum: abbe19c768c97ee2eed6282d8ce3031126662252c58d711f646921c9623f9052e3e1906443066beec1095832f534e57c523b7333f8e7e0d93051ab6baef5ab3a
  languageName: node
  linkType: hard

"destroy@npm:1.2.0":
  version: 1.2.0
  resolution: "destroy@npm:1.2.0"
  checksum: 0acb300b7478a08b92d810ab229d5afe0d2f4399272045ab22affa0d99dbaf12637659411530a6fcd597a9bdac718fc94373a61a95b4651bbc7b83684a565e38
  languageName: node
  linkType: hard

"diff@npm:^4.0.1":
  version: 4.0.2
  resolution: "diff@npm:4.0.2"
  checksum: f2c09b0ce4e6b301c221addd83bf3f454c0bc00caa3dd837cf6c127d6edf7223aa2bbe3b688feea110b7f262adbfc845b757c44c8a9f8c0c5b15d8fa9ce9d20d
  languageName: node
  linkType: hard

"ee-first@npm:1.1.1":
  version: 1.1.1
  resolution: "ee-first@npm:1.1.1"
  checksum: 1b4cac778d64ce3b582a7e26b218afe07e207a0f9bfe13cc7395a6d307849cfe361e65033c3251e00c27dd060cab43014c2d6b2647676135e18b77d2d05b3f4f
  languageName: node
  linkType: hard

"encodeurl@npm:~1.0.2":
  version: 1.0.2
  resolution: "encodeurl@npm:1.0.2"
  checksum: e50e3d508cdd9c4565ba72d2012e65038e5d71bdc9198cb125beb6237b5b1ade6c0d343998da9e170fb2eae52c1bed37d4d6d98a46ea423a0cddbed5ac3f780c
  languageName: node
  linkType: hard

"escape-html@npm:~1.0.3":
  version: 1.0.3
  resolution: "escape-html@npm:1.0.3"
  checksum: 6213ca9ae00d0ab8bccb6d8d4e0a98e76237b2410302cf7df70aaa6591d509a2a37ce8998008cbecae8fc8ffaadf3fb0229535e6a145f3ce0b211d060decbb24
  languageName: node
  linkType: hard

"etag@npm:~1.8.1":
  version: 1.8.1
  resolution: "etag@npm:1.8.1"
  checksum: 571aeb3dbe0f2bbd4e4fadbdb44f325fc75335cd5f6f6b6a091e6a06a9f25ed5392f0863c5442acb0646787446e816f13cbfc6edce5b07658541dff573cab1ff
  languageName: node
  linkType: hard

"express@npm:^4.18.1":
  version: 4.18.1
  resolution: "express@npm:4.18.1"
  dependencies:
    accepts: ~1.3.8
    array-flatten: 1.1.1
    body-parser: 1.20.0
    content-disposition: 0.5.4
    content-type: ~1.0.4
    cookie: 0.5.0
    cookie-signature: 1.0.6
    debug: 2.6.9
    depd: 2.0.0
    encodeurl: ~1.0.2
    escape-html: ~1.0.3
    etag: ~1.8.1
    finalhandler: 1.2.0
    fresh: 0.5.2
    http-errors: 2.0.0
    merge-descriptors: 1.0.1
    methods: ~1.1.2
    on-finished: 2.4.1
    parseurl: ~1.3.3
    path-to-regexp: 0.1.7
    proxy-addr: ~2.0.7
    qs: 6.10.3
    range-parser: ~1.2.1
    safe-buffer: 5.2.1
    send: 0.18.0
    serve-static: 1.15.0
    setprototypeof: 1.2.0
    statuses: 2.0.1
    type-is: ~1.6.18
    utils-merge: 1.0.1
    vary: ~1.1.2
  checksum: c3d44c92e48226ef32ec978becfedb0ecf0ca21316bfd33674b3c5d20459840584f2325726a4f17f33d9c99f769636f728982d1c5433a5b6fe6eb95b8cf0c854
  languageName: node
  linkType: hard

"fast-json-stable-stringify@npm:^2.1.0":
  version: 2.1.0
  resolution: "fast-json-stable-stringify@npm:2.1.0"
  checksum: b191531e36c607977e5b1c47811158733c34ccb3bfde92c44798929e9b4154884378536d26ad90dfecd32e1ffc09c545d23535ad91b3161a27ddbb8ebe0cbecb
  languageName: node
  linkType: hard

"finalhandler@npm:1.2.0":
  version: 1.2.0
  resolution: "finalhandler@npm:1.2.0"
  dependencies:
    debug: 2.6.9
    encodeurl: ~1.0.2
    escape-html: ~1.0.3
    on-finished: 2.4.1
    parseurl: ~1.3.3
    statuses: 2.0.1
    unpipe: ~1.0.0
  checksum: 92effbfd32e22a7dff2994acedbd9bcc3aa646a3e919ea6a53238090e87097f8ef07cced90aa2cc421abdf993aefbdd5b00104d55c7c5479a8d00ed105b45716
  languageName: node
  linkType: hard

"forwarded@npm:0.2.0":
  version: 0.2.0
  resolution: "forwarded@npm:0.2.0"
  checksum: fd27e2394d8887ebd16a66ffc889dc983fbbd797d5d3f01087c020283c0f019a7d05ee85669383d8e0d216b116d720fc0cef2f6e9b7eb9f4c90c6e0bc7fd28e6
  languageName: node
  linkType: hard

"fresh@npm:0.5.2":
  version: 0.5.2
  resolution: "fresh@npm:0.5.2"
  checksum: 13ea8b08f91e669a64e3ba3a20eb79d7ca5379a81f1ff7f4310d54e2320645503cc0c78daedc93dfb6191287295f6479544a649c64d8e41a1c0fb0c221552346
  languageName: node
  linkType: hard

"function-bind@npm:^1.1.1":
  version: 1.1.1
  resolution: "function-bind@npm:1.1.1"
  checksum: b32fbaebb3f8ec4969f033073b43f5c8befbb58f1a79e12f1d7490358150359ebd92f49e72ff0144f65f2c48ea2a605bff2d07965f548f6474fd8efd95bf361a
  languageName: node
  linkType: hard

"get-intrinsic@npm:^1.0.2":
  version: 1.1.1
  resolution: "get-intrinsic@npm:1.1.1"
  dependencies:
    function-bind: ^1.1.1
    has: ^1.0.3
    has-symbols: ^1.0.1
  checksum: a9fe2ca8fa3f07f9b0d30fb202bcd01f3d9b9b6b732452e79c48e79f7d6d8d003af3f9e38514250e3553fdc83c61650851cb6870832ac89deaaceb08e3721a17
  languageName: node
  linkType: hard

"graphql-tag@npm:^2.11.0":
  version: 2.12.6
  resolution: "graphql-tag@npm:2.12.6"
  dependencies:
    tslib: ^2.1.0
  peerDependencies:
    graphql: ^0.9.0 || ^0.10.0 || ^0.11.0 || ^0.12.0 || ^0.13.0 || ^14.0.0 || ^15.0.0 || ^16.0.0
  checksum: b15162a3d62f17b9b79302445b9ee330e041582f1c7faca74b9dec5daa74272c906ec1c34e1c50592bb6215e5c3eba80a309103f6ba9e4c1cddc350c46f010df
  languageName: node
  linkType: hard

"graphql@npm:^16.5.0":
  version: 16.5.0
  resolution: "graphql@npm:16.5.0"
  checksum: a82a926d085818934d04fdf303a269af170e79de943678bd2726370a96194f9454ade9d6d76c2de69afbd7b9f0b4f8061619baecbbddbe82125860e675ac219e
  languageName: node
  linkType: hard

"has-symbols@npm:^1.0.1":
  version: 1.0.3
  resolution: "has-symbols@npm:1.0.3"
  checksum: a054c40c631c0d5741a8285010a0777ea0c068f99ed43e5d6eb12972da223f8af553a455132fdb0801bdcfa0e0f443c0c03a68d8555aa529b3144b446c3f2410
  languageName: node
  linkType: hard

"has@npm:^1.0.3":
  version: 1.0.3
  resolution: "has@npm:1.0.3"
  dependencies:
    function-bind: ^1.1.1
  checksum: b9ad53d53be4af90ce5d1c38331e712522417d017d5ef1ebd0507e07c2fbad8686fffb8e12ddecd4c39ca9b9b47431afbb975b8abf7f3c3b82c98e9aad052792
  languageName: node
  linkType: hard

"http-errors@npm:2.0.0":
  version: 2.0.0
  resolution: "http-errors@npm:2.0.0"
  dependencies:
    depd: 2.0.0
    inherits: 2.0.4
    setprototypeof: 1.2.0
    statuses: 2.0.1
    toidentifier: 1.0.1
  checksum: 9b0a3782665c52ce9dc658a0d1560bcb0214ba5699e4ea15aefb2a496e2ca83db03ebc42e1cce4ac1f413e4e0d2d736a3fd755772c556a9a06853ba2a0b7d920
  languageName: node
  linkType: hard

"iconv-lite@npm:0.4.24":
  version: 0.4.24
  resolution: "iconv-lite@npm:0.4.24"
  dependencies:
    safer-buffer: ">= 2.1.2 < 3"
  checksum: bd9f120f5a5b306f0bc0b9ae1edeb1577161503f5f8252a20f1a9e56ef8775c9959fd01c55f2d3a39d9a8abaf3e30c1abeb1895f367dcbbe0a8fd1c9ca01c4f6
  languageName: node
  linkType: hard

"inherits@npm:2.0.4, inherits@npm:^2.0.1":
  version: 2.0.4
  resolution: "inherits@npm:2.0.4"
  checksum: 4a48a733847879d6cf6691860a6b1e3f0f4754176e4d71494c41f3475553768b10f84b5ce1d40fbd0e34e6bfbb864ee35858ad4dd2cf31e02fc4a154b724d7f1
  languageName: node
  linkType: hard

"ipaddr.js@npm:1.9.1":
  version: 1.9.1
  resolution: "ipaddr.js@npm:1.9.1"
  checksum: f88d3825981486f5a1942414c8d77dd6674dd71c065adcfa46f578d677edcb99fda25af42675cb59db492fdf427b34a5abfcde3982da11a8fd83a500b41cfe77
  languageName: node
  linkType: hard

"lodash.sortby@npm:^4.7.0":
  version: 4.7.0
  resolution: "lodash.sortby@npm:4.7.0"
  checksum: db170c9396d29d11fe9a9f25668c4993e0c1331bcb941ddbd48fb76f492e732add7f2a47cfdf8e9d740fa59ac41bbfaf931d268bc72aab3ab49e9f89354d718c
  languageName: node
  linkType: hard

"loglevel@npm:^1.6.8":
  version: 1.8.0
  resolution: "loglevel@npm:1.8.0"
  checksum: 41aeea17de24aba8dba68084a31fe9189648bce4f39c1277e021bb276c3c53a75b0d337395919cf271068ad40ecefabad0e4fdeb4a8f11908beee532b898f4a7
  languageName: node
  linkType: hard

"long@npm:^4.0.0":
  version: 4.0.0
  resolution: "long@npm:4.0.0"
  checksum: 16afbe8f749c7c849db1f4de4e2e6a31ac6e617cead3bdc4f9605cb703cd20e1e9fc1a7baba674ffcca57d660a6e5b53a9e236d7b25a295d3855cca79cc06744
  languageName: node
  linkType: hard

"lru-cache@npm:^6.0.0":
  version: 6.0.0
  resolution: "lru-cache@npm:6.0.0"
  dependencies:
    yallist: ^4.0.0
  checksum: f97f499f898f23e4585742138a22f22526254fdba6d75d41a1c2526b3b6cc5747ef59c5612ba7375f42aca4f8461950e925ba08c991ead0651b4918b7c978297
  languageName: node
  linkType: hard

"make-error@npm:^1.1.1":
  version: 1.3.6
  resolution: "make-error@npm:1.3.6"
  checksum: b86e5e0e25f7f777b77fabd8e2cbf15737972869d852a22b7e73c17623928fccb826d8e46b9951501d3f20e51ad74ba8c59ed584f610526a48f8ccf88aaec402
  languageName: node
  linkType: hard

"media-typer@npm:0.3.0":
  version: 0.3.0
  resolution: "media-typer@npm:0.3.0"
  checksum: af1b38516c28ec95d6b0826f6c8f276c58aec391f76be42aa07646b4e39d317723e869700933ca6995b056db4b09a78c92d5440dc23657e6764be5d28874bba1
  languageName: node
  linkType: hard

"merge-descriptors@npm:1.0.1":
  version: 1.0.1
  resolution: "merge-descriptors@npm:1.0.1"
  checksum: 5abc259d2ae25bb06d19ce2b94a21632583c74e2a9109ee1ba7fd147aa7362b380d971e0251069f8b3eb7d48c21ac839e21fa177b335e82c76ec172e30c31a26
  languageName: node
  linkType: hard

"methods@npm:~1.1.2":
  version: 1.1.2
  resolution: "methods@npm:1.1.2"
  checksum: 0917ff4041fa8e2f2fda5425a955fe16ca411591fbd123c0d722fcf02b73971ed6f764d85f0a6f547ce49ee0221ce2c19a5fa692157931cecb422984f1dcd13a
  languageName: node
  linkType: hard

"mime-db@npm:1.52.0":
  version: 1.52.0
  resolution: "mime-db@npm:1.52.0"
  checksum: 0d99a03585f8b39d68182803b12ac601d9c01abfa28ec56204fa330bc9f3d1c5e14beb049bafadb3dbdf646dfb94b87e24d4ec7b31b7279ef906a8ea9b6a513f
  languageName: node
  linkType: hard

"mime-types@npm:~2.1.24, mime-types@npm:~2.1.34":
  version: 2.1.35
  resolution: "mime-types@npm:2.1.35"
  dependencies:
    mime-db: 1.52.0
  checksum: 89a5b7f1def9f3af5dad6496c5ed50191ae4331cc5389d7c521c8ad28d5fdad2d06fd81baf38fed813dc4e46bb55c8145bb0ff406330818c9cf712fb2e9b3836
  languageName: node
  linkType: hard

"mime@npm:1.6.0":
  version: 1.6.0
  resolution: "mime@npm:1.6.0"
  bin:
    mime: cli.js
  checksum: fef25e39263e6d207580bdc629f8872a3f9772c923c7f8c7e793175cee22777bbe8bba95e5d509a40aaa292d8974514ce634ae35769faa45f22d17edda5e8557
  languageName: node
  linkType: hard

"ms@npm:2.0.0":
  version: 2.0.0
  resolution: "ms@npm:2.0.0"
  checksum: 0e6a22b8b746d2e0b65a430519934fefd41b6db0682e3477c10f60c76e947c4c0ad06f63ffdf1d78d335f83edee8c0aa928aa66a36c7cd95b69b26f468d527f4
  languageName: node
  linkType: hard

"ms@npm:2.1.3":
  version: 2.1.3
  resolution: "ms@npm:2.1.3"
  checksum: aa92de608021b242401676e35cfa5aa42dd70cbdc082b916da7fb925c542173e36bce97ea3e804923fe92c0ad991434e4a38327e15a1b5b5f945d66df615ae6d
  languageName: node
  linkType: hard

"negotiator@npm:0.6.3":
  version: 0.6.3
  resolution: "negotiator@npm:0.6.3"
  checksum: b8ffeb1e262eff7968fc90a2b6767b04cfd9842582a9d0ece0af7049537266e7b2506dfb1d107a32f06dd849ab2aea834d5830f7f4d0e5cb7d36e1ae55d021d9
  languageName: node
  linkType: hard

"node-fetch@npm:^2.6.7":
  version: 2.6.7
  resolution: "node-fetch@npm:2.6.7"
  dependencies:
    whatwg-url: ^5.0.0
  peerDependencies:
    encoding: ^0.1.0
  peerDependenciesMeta:
    encoding:
      optional: true
  checksum: 8d816ffd1ee22cab8301c7756ef04f3437f18dace86a1dae22cf81db8ef29c0bf6655f3215cb0cdb22b420b6fe141e64b26905e7f33f9377a7fa59135ea3e10b
  languageName: node
  linkType: hard

"object-assign@npm:^4":
  version: 4.1.1
  resolution: "object-assign@npm:4.1.1"
  checksum: fcc6e4ea8c7fe48abfbb552578b1c53e0d194086e2e6bbbf59e0a536381a292f39943c6e9628af05b5528aa5e3318bb30d6b2e53cadaf5b8fe9e12c4b69af23f
  languageName: node
  linkType: hard

"object-inspect@npm:^1.9.0":
  version: 1.12.0
  resolution: "object-inspect@npm:1.12.0"
  checksum: 2b36d4001a9c921c6b342e2965734519c9c58c355822243c3207fbf0aac271f8d44d30d2d570d450b2cc6f0f00b72bcdba515c37827d2560e5f22b1899a31cf4
  languageName: node
  linkType: hard

"on-finished@npm:2.4.1":
  version: 2.4.1
  resolution: "on-finished@npm:2.4.1"
  dependencies:
    ee-first: 1.1.1
  checksum: d20929a25e7f0bb62f937a425b5edeb4e4cde0540d77ba146ec9357f00b0d497cdb3b9b05b9c8e46222407d1548d08166bff69cc56dfa55ba0e4469228920ff0
  languageName: node
  linkType: hard

"parseurl@npm:^1.3.3, parseurl@npm:~1.3.3":
  version: 1.3.3
  resolution: "parseurl@npm:1.3.3"
  checksum: 407cee8e0a3a4c5cd472559bca8b6a45b82c124e9a4703302326e9ab60fc1081442ada4e02628efef1eb16197ddc7f8822f5a91fd7d7c86b51f530aedb17dfa2
  languageName: node
  linkType: hard

"path-to-regexp@npm:0.1.7":
  version: 0.1.7
  resolution: "path-to-regexp@npm:0.1.7"
  checksum: 69a14ea24db543e8b0f4353305c5eac6907917031340e5a8b37df688e52accd09e3cebfe1660b70d76b6bd89152f52183f28c74813dbf454ba1a01c82a38abce
  languageName: node
  linkType: hard

"prisma@npm:^3.13.0":
  version: 3.14.0
  resolution: "prisma@npm:3.14.0"
  dependencies:
    "@prisma/engines": 3.14.0-36.2b0c12756921c891fec4f68d9444e18c7d5d4a6a
  bin:
    prisma: build/index.js
    prisma2: build/index.js
  checksum: 4923371fda3bb430fd3c842615a7010de335a482273c890eb755038b54ab21184bf2a8d7720b63fd4037e5148dfa46c3ab550f205f5ce62884941539a95d62e9
  languageName: node
  linkType: hard

"proxy-addr@npm:~2.0.7":
  version: 2.0.7
  resolution: "proxy-addr@npm:2.0.7"
  dependencies:
    forwarded: 0.2.0
    ipaddr.js: 1.9.1
  checksum: 29c6990ce9364648255454842f06f8c46fcd124d3e6d7c5066df44662de63cdc0bad032e9bf5a3d653ff72141cc7b6019873d685708ac8210c30458ad99f2b74
  languageName: node
  linkType: hard

"qs@npm:6.10.3":
  version: 6.10.3
  resolution: "qs@npm:6.10.3"
  dependencies:
    side-channel: ^1.0.4
  checksum: 0fac5e6c7191d0295a96d0e83c851aeb015df7e990e4d3b093897d3ac6c94e555dbd0a599739c84d7fa46d7fee282d94ba76943983935cf33bba6769539b8019
  languageName: node
  linkType: hard

"range-parser@npm:~1.2.1":
  version: 1.2.1
  resolution: "range-parser@npm:1.2.1"
  checksum: 0a268d4fea508661cf5743dfe3d5f47ce214fd6b7dec1de0da4d669dd4ef3d2144468ebe4179049eff253d9d27e719c88dae55be64f954e80135a0cada804ec9
  languageName: node
  linkType: hard

"raw-body@npm:2.5.1":
  version: 2.5.1
  resolution: "raw-body@npm:2.5.1"
  dependencies:
    bytes: 3.1.2
    http-errors: 2.0.0
    iconv-lite: 0.4.24
    unpipe: 1.0.0
  checksum: 5362adff1575d691bb3f75998803a0ffed8c64eabeaa06e54b4ada25a0cd1b2ae7f4f5ec46565d1bec337e08b5ac90c76eaa0758de6f72a633f025d754dec29e
  languageName: node
  linkType: hard

"retry@npm:0.13.1":
  version: 0.13.1
  resolution: "retry@npm:0.13.1"
  checksum: 47c4d5be674f7c13eee4cfe927345023972197dbbdfba5d3af7e461d13b44de1bfd663bfc80d2f601f8ef3fc8164c16dd99655a221921954a65d044a2fc1233b
  languageName: node
  linkType: hard

"safe-buffer@npm:5.2.1, safe-buffer@npm:^5.0.1":
  version: 5.2.1
  resolution: "safe-buffer@npm:5.2.1"
  checksum: b99c4b41fdd67a6aaf280fcd05e9ffb0813654894223afb78a31f14a19ad220bba8aba1cb14eddce1fcfb037155fe6de4e861784eb434f7d11ed58d1e70dd491
  languageName: node
  linkType: hard

"safer-buffer@npm:>= 2.1.2 < 3":
  version: 2.1.2
  resolution: "safer-buffer@npm:2.1.2"
  checksum: cab8f25ae6f1434abee8d80023d7e72b598cf1327164ddab31003c51215526801e40b66c5e65d658a0af1e9d6478cadcb4c745f4bd6751f97d8644786c0978b0
  languageName: node
  linkType: hard

"send@npm:0.18.0":
  version: 0.18.0
  resolution: "send@npm:0.18.0"
  dependencies:
    debug: 2.6.9
    depd: 2.0.0
    destroy: 1.2.0
    encodeurl: ~1.0.2
    escape-html: ~1.0.3
    etag: ~1.8.1
    fresh: 0.5.2
    http-errors: 2.0.0
    mime: 1.6.0
    ms: 2.1.3
    on-finished: 2.4.1
    range-parser: ~1.2.1
    statuses: 2.0.1
  checksum: 74fc07ebb58566b87b078ec63e5a3e41ecd987e4272ba67b7467e86c6ad51bc6b0b0154133b6d8b08a2ddda360464f71382f7ef864700f34844a76c8027817a8
  languageName: node
  linkType: hard

"serve-static@npm:1.15.0":
  version: 1.15.0
  resolution: "serve-static@npm:1.15.0"
  dependencies:
    encodeurl: ~1.0.2
    escape-html: ~1.0.3
    parseurl: ~1.3.3
    send: 0.18.0
  checksum: af57fc13be40d90a12562e98c0b7855cf6e8bd4c107fe9a45c212bf023058d54a1871b1c89511c3958f70626fff47faeb795f5d83f8cf88514dbaeb2b724464d
  languageName: node
  linkType: hard

"server@workspace:.":
  version: 0.0.0-use.local
  resolution: "server@workspace:."
  dependencies:
    "@prisma/client": ^3.13.0
    "@types/node": ^17.0.31
    apollo-server-core: ^3.7.0
    apollo-server-express: ^3.7.0
    express: ^4.18.1
    graphql: ^16.5.0
    prisma: ^3.13.0
    ts-node: ^10.7.0
    typescript: ^4.6.4
  languageName: unknown
  linkType: soft

"setprototypeof@npm:1.2.0":
  version: 1.2.0
  resolution: "setprototypeof@npm:1.2.0"
  checksum: be18cbbf70e7d8097c97f713a2e76edf84e87299b40d085c6bf8b65314e994cc15e2e317727342fa6996e38e1f52c59720b53fe621e2eb593a6847bf0356db89
  languageName: node
  linkType: hard

"sha.js@npm:^2.4.11":
  version: 2.4.11
  resolution: "sha.js@npm:2.4.11"
  dependencies:
    inherits: ^2.0.1
    safe-buffer: ^5.0.1
  bin:
    sha.js: ./bin.js
  checksum: ebd3f59d4b799000699097dadb831c8e3da3eb579144fd7eb7a19484cbcbb7aca3c68ba2bb362242eb09e33217de3b4ea56e4678184c334323eca24a58e3ad07
  languageName: node
  linkType: hard

"side-channel@npm:^1.0.4":
  version: 1.0.4
  resolution: "side-channel@npm:1.0.4"
  dependencies:
    call-bind: ^1.0.0
    get-intrinsic: ^1.0.2
    object-inspect: ^1.9.0
  checksum: 351e41b947079c10bd0858364f32bb3a7379514c399edb64ab3dce683933483fc63fb5e4efe0a15a2e8a7e3c436b6a91736ddb8d8c6591b0460a24bb4a1ee245
  languageName: node
  linkType: hard

"statuses@npm:2.0.1":
  version: 2.0.1
  resolution: "statuses@npm:2.0.1"
  checksum: 18c7623fdb8f646fb213ca4051be4df7efb3484d4ab662937ca6fbef7ced9b9e12842709872eb3020cc3504b93bde88935c9f6417489627a7786f24f8031cbcb
  languageName: node
  linkType: hard

"toidentifier@npm:1.0.1":
  version: 1.0.1
  resolution: "toidentifier@npm:1.0.1"
  checksum: 952c29e2a85d7123239b5cfdd889a0dde47ab0497f0913d70588f19c53f7e0b5327c95f4651e413c74b785147f9637b17410ac8c846d5d4a20a5a33eb6dc3a45
  languageName: node
  linkType: hard

"tr46@npm:~0.0.3":
  version: 0.0.3
  resolution: "tr46@npm:0.0.3"
  checksum: 726321c5eaf41b5002e17ffbd1fb7245999a073e8979085dacd47c4b4e8068ff5777142fc6726d6ca1fd2ff16921b48788b87225cbc57c72636f6efa8efbffe3
  languageName: node
  linkType: hard

"ts-node@npm:^10.7.0":
  version: 10.7.0
  resolution: "ts-node@npm:10.7.0"
  dependencies:
    "@cspotcode/source-map-support": 0.7.0
    "@tsconfig/node10": ^1.0.7
    "@tsconfig/node12": ^1.0.7
    "@tsconfig/node14": ^1.0.0
    "@tsconfig/node16": ^1.0.2
    acorn: ^8.4.1
    acorn-walk: ^8.1.1
    arg: ^4.1.0
    create-require: ^1.1.0
    diff: ^4.0.1
    make-error: ^1.1.1
    v8-compile-cache-lib: ^3.0.0
    yn: 3.1.1
  peerDependencies:
    "@swc/core": ">=1.2.50"
    "@swc/wasm": ">=1.2.50"
    "@types/node": "*"
    typescript: ">=2.7"
  peerDependenciesMeta:
    "@swc/core":
      optional: true
    "@swc/wasm":
      optional: true
  bin:
    ts-node: dist/bin.js
    ts-node-cwd: dist/bin-cwd.js
    ts-node-esm: dist/bin-esm.js
    ts-node-script: dist/bin-script.js
    ts-node-transpile-only: dist/bin-transpile.js
    ts-script: dist/bin-script-deprecated.js
  checksum: 2a379e43f7478d0b79e1e63af91fe222d83857727957df4bd3bdf3c0a884de5097b12feb9bbf530074526b8874c0338b0e6328cf334f3a5e2c49c71e837273f7
  languageName: node
  linkType: hard

"tslib@npm:^2.1.0, tslib@npm:~2.4.0":
  version: 2.4.0
  resolution: "tslib@npm:2.4.0"
  checksum: 8c4aa6a3c5a754bf76aefc38026134180c053b7bd2f81338cb5e5ebf96fefa0f417bff221592bf801077f5bf990562f6264fecbc42cd3309b33872cb6fc3b113
  languageName: node
  linkType: hard

"type-is@npm:~1.6.18":
  version: 1.6.18
  resolution: "type-is@npm:1.6.18"
  dependencies:
    media-typer: 0.3.0
    mime-types: ~2.1.24
  checksum: 2c8e47675d55f8b4e404bcf529abdf5036c537a04c2b20177bcf78c9e3c1da69da3942b1346e6edb09e823228c0ee656ef0e033765ec39a70d496ef601a0c657
  languageName: node
  linkType: hard

"typescript@npm:^4.6.4":
  version: 4.6.4
  resolution: "typescript@npm:4.6.4"
  bin:
    tsc: bin/tsc
    tsserver: bin/tsserver
  checksum: e7bfcc39cd4571a63a54e5ea21f16b8445268b9900bf55aee0e02ad981be576acc140eba24f1af5e3c1457767c96cea6d12861768fb386cf3ffb34013718631a
  languageName: node
  linkType: hard

"typescript@patch:typescript@^4.6.4#~builtin<compat/typescript>":
  version: 4.6.4
  resolution: "typescript@patch:typescript@npm%3A4.6.4#~builtin<compat/typescript>::version=4.6.4&hash=bda367"
  bin:
    tsc: bin/tsc
    tsserver: bin/tsserver
  checksum: 1cb434fbc637d347be90e3a0c6cd05e33c38f941713c8786d3031faf1842c2c148ba91d2fac01e7276b0ae3249b8633f1660e32686cc7a8c6a8fd5361dc52c66
  languageName: node
  linkType: hard

"unpipe@npm:1.0.0, unpipe@npm:~1.0.0":
  version: 1.0.0
  resolution: "unpipe@npm:1.0.0"
  checksum: 4fa18d8d8d977c55cb09715385c203197105e10a6d220087ec819f50cb68870f02942244f1017565484237f1f8c5d3cd413631b1ae104d3096f24fdfde1b4aa2
  languageName: node
  linkType: hard

"utils-merge@npm:1.0.1":
  version: 1.0.1
  resolution: "utils-merge@npm:1.0.1"
  checksum: c81095493225ecfc28add49c106ca4f09cdf56bc66731aa8dabc2edbbccb1e1bfe2de6a115e5c6a380d3ea166d1636410b62ef216bb07b3feb1cfde1d95d5080
  languageName: node
  linkType: hard

"uuid@npm:^8.0.0":
  version: 8.3.2
  resolution: "uuid@npm:8.3.2"
  bin:
    uuid: dist/bin/uuid
  checksum: 5575a8a75c13120e2f10e6ddc801b2c7ed7d8f3c8ac22c7ed0c7b2ba6383ec0abda88c905085d630e251719e0777045ae3236f04c812184b7c765f63a70e58df
  languageName: node
  linkType: hard

"v8-compile-cache-lib@npm:^3.0.0":
  version: 3.0.1
  resolution: "v8-compile-cache-lib@npm:3.0.1"
  checksum: 78089ad549e21bcdbfca10c08850022b22024cdcc2da9b168bcf5a73a6ed7bf01a9cebb9eac28e03cd23a684d81e0502797e88f3ccd27a32aeab1cfc44c39da0
  languageName: node
  linkType: hard

"value-or-promise@npm:1.0.11":
  version: 1.0.11
  resolution: "value-or-promise@npm:1.0.11"
  checksum: 13f8f2ef620118c73b4d1beee8ce6045d7182bbf15090ecfbcafb677ec43698506a5e9ace6bea5ea35c32bc612c9b1f824bb59b6581cdfb5c919052745c277d5
  languageName: node
  linkType: hard

"vary@npm:^1, vary@npm:~1.1.2":
  version: 1.1.2
  resolution: "vary@npm:1.1.2"
  checksum: ae0123222c6df65b437669d63dfa8c36cee20a504101b2fcd97b8bf76f91259c17f9f2b4d70a1e3c6bbcee7f51b28392833adb6b2770b23b01abec84e369660b
  languageName: node
  linkType: hard

"webidl-conversions@npm:^3.0.0":
  version: 3.0.1
  resolution: "webidl-conversions@npm:3.0.1"
  checksum: c92a0a6ab95314bde9c32e1d0a6dfac83b578f8fa5f21e675bc2706ed6981bc26b7eb7e6a1fab158e5ce4adf9caa4a0aee49a52505d4d13c7be545f15021b17c
  languageName: node
  linkType: hard

"whatwg-mimetype@npm:^3.0.0":
  version: 3.0.0
  resolution: "whatwg-mimetype@npm:3.0.0"
  checksum: ce08bbb36b6aaf64f3a84da89707e3e6a31e5ab1c1a2379fd68df79ba712a4ab090904f0b50e6693b0dafc8e6343a6157e40bf18fdffd26e513cf95ee2a59824
  languageName: node
  linkType: hard

"whatwg-url@npm:^5.0.0":
  version: 5.0.0
  resolution: "whatwg-url@npm:5.0.0"
  dependencies:
    tr46: ~0.0.3
    webidl-conversions: ^3.0.0
  checksum: b8daed4ad3356cc4899048a15b2c143a9aed0dfae1f611ebd55073310c7b910f522ad75d727346ad64203d7e6c79ef25eafd465f4d12775ca44b90fa82ed9e2c
  languageName: node
  linkType: hard

"xss@npm:^1.0.8":
  version: 1.0.11
  resolution: "xss@npm:1.0.11"
  dependencies:
    commander: ^2.20.3
    cssfilter: 0.0.10
  bin:
    xss: bin/xss
  checksum: 86104fe3c0e4e32912835b369a95d47aff140f996a0f3bd2833750c974c56359e91e87faf779077608f8baaec643662e6222f9f348be52f74b17432eeee6bfdf
  languageName: node
  linkType: hard

"yallist@npm:^4.0.0":
  version: 4.0.0
  resolution: "yallist@npm:4.0.0"
  checksum: 343617202af32df2a15a3be36a5a8c0c8545208f3d3dfbc6bb7c3e3b7e8c6f8e7485432e4f3b88da3031a6e20afa7c711eded32ddfb122896ac5d914e75848d5
  languageName: node
  linkType: hard

"yn@npm:3.1.1":
  version: 3.1.1
  resolution: "yn@npm:3.1.1"
  checksum: 2c487b0e149e746ef48cda9f8bad10fc83693cd69d7f9dcd8be4214e985de33a29c9e24f3c0d6bcf2288427040a8947406ab27f7af67ee9456e6b84854f02dd6
  languageName: node
  linkType: hard
